
Microsoft Visual Studio Solution File, Format Version 12.00
# Visual Studio Version 17
VisualStudioVersion = 17.7.34031.279
MinimumVisualStudioVersion = 10.0.40219.1
Project("{FAE04EC0-301F-11D3-BF4B-00C04F79EFBC}") = "ASPNETMVCCRUD", "ASPNETMVCCRUD\ASPNETMVCCRUD.csproj", "{0843125D-F418-457B-BECA-0FF591419838}"
EndProject
Global
	GlobalSection(SolutionConfigurationPlatforms) = preSolution
		Debug|Any CPU = Debug|Any CPU
		Release|Any CPU = Release|Any CPU
	EndGlobalSection
	GlobalSection(ProjectConfigurationPlatforms) = postSolution
		{0843125D-F418-457B-BECA-0FF591419838}.Debug|Any CPU.ActiveCfg = Debug|Any CPU
		{0843125D-F418-457B-BECA-0FF591419838}.Debug|Any CPU.Build.0 = Debug|Any CPU
		{0843125D-F418-457B-BECA-0FF591419838}.Release|Any CPU.ActiveCfg = Release|Any CPU
		{0843125D-F418-457B-BECA-0FF591419838}.Release|Any CPU.Build.0 = Release|Any CPU
	EndGlobalSection
	GlobalSection(SolutionProperties) = preSolution
		HideSolutionNode = FALSE
	EndGlobalSection
	GlobalSection(ExtensibilityGlobals) = postSolution
		SolutionGuid = {56BE79BE-A955-45B2-9CB6-885F6AFC651F}
	EndGlobalSection
EndGlobal
